
Microsoft Visual Studio Solution File, Format Version 12.00
# Visual Studio Version 17
VisualStudioVersion = 17.11.35312.102
MinimumVisualStudioVersion = 10.0.40219.1
Project("{FAE04EC0-301F-11D3-BF4B-00C04F79EFBC}") = "magaz", "magaz\magaz.csproj", "{D5A034E0-3054-441C-837E-F045FC04E3A1}"
EndProject
Global
	GlobalSection(SolutionConfigurationPlatforms) = preSolution
		Debug|Any CPU = Debug|Any CPU
		Release|Any CPU = Release|Any CPU
	EndGlobalSection
	GlobalSection(ProjectConfigurationPlatforms) = postSolution
		{D5A034E0-3054-441C-837E-F045FC04E3A1}.Debug|Any CPU.ActiveCfg = Debug|Any CPU
		{D5A034E0-3054-441C-837E-F045FC04E3A1}.Debug|Any CPU.Build.0 = Debug|Any CPU
		{D5A034E0-3054-441C-837E-F045FC04E3A1}.Release|Any CPU.ActiveCfg = Release|Any CPU
		{D5A034E0-3054-441C-837E-F045FC04E3A1}.Release|Any CPU.Build.0 = Release|Any CPU
	EndGlobalSection
	GlobalSection(SolutionProperties) = preSolution
		HideSolutionNode = FALSE
	EndGlobalSection
	GlobalSection(ExtensibilityGlobals) = postSolution
		SolutionGuid = {6E4735DC-722C-443D-B7A8-F1F14E5AA31F}
	EndGlobalSection
EndGlobal
